
Microsoft Visual Studio Solution File, Format Version 12.00
# Visual Studio 2013
VisualStudioVersion = 12.0.40629.0
MinimumVisualStudioVersion = 10.0.40219.1
Project("{FAE04EC0-301F-11D3-BF4B-00C04F79EFBC}") = "TetrisOOP_UI", "TetrisOOP_UI\TetrisOOP_UI.csproj", "{9215FAD7-B935-4C34-AB3C-4CB1E0BB515B}"
EndProject
Project("{FAE04EC0-301F-11D3-BF4B-00C04F79EFBC}") = "TetrisCore", "TetrisCore\TetrisCore.csproj", "{4B545736-2EC0-46BD-BE35-0DDA78398909}"
EndProject
Project("{FAE04EC0-301F-11D3-BF4B-00C04F79EFBC}") = "TetrisOOPConsole", "TetrisOOPConsole\TetrisOOPConsole.csproj", "{D6330B06-E2A3-484B-90A6-682345BD3AFA}"
EndProject
Global
	GlobalSection(SolutionConfigurationPlatforms) = preSolution
		Debug|Any CPU = Debug|Any CPU
		Release|Any CPU = Release|Any CPU
	EndGlobalSection
	GlobalSection(ProjectConfigurationPlatforms) = postSolution
		{9215FAD7-B935-4C34-AB3C-4CB1E0BB515B}.Debug|Any CPU.ActiveCfg = Debug|Any CPU
		{9215FAD7-B935-4C34-AB3C-4CB1E0BB515B}.Debug|Any CPU.Build.0 = Debug|Any CPU
		{9215FAD7-B935-4C34-AB3C-4CB1E0BB515B}.Release|Any CPU.ActiveCfg = Release|Any CPU
		{9215FAD7-B935-4C34-AB3C-4CB1E0BB515B}.Release|Any CPU.Build.0 = Release|Any CPU
		{4B545736-2EC0-46BD-BE35-0DDA78398909}.Debug|Any CPU.ActiveCfg = Debug|Any CPU
		{4B545736-2EC0-46BD-BE35-0DDA78398909}.Debug|Any CPU.Build.0 = Debug|Any CPU
		{4B545736-2EC0-46BD-BE35-0DDA78398909}.Release|Any CPU.ActiveCfg = Release|Any CPU
		{4B545736-2EC0-46BD-BE35-0DDA78398909}.Release|Any CPU.Build.0 = Release|Any CPU
		{D6330B06-E2A3-484B-90A6-682345BD3AFA}.Debug|Any CPU.ActiveCfg = Debug|Any CPU
		{D6330B06-E2A3-484B-90A6-682345BD3AFA}.Debug|Any CPU.Build.0 = Debug|Any CPU
		{D6330B06-E2A3-484B-90A6-682345BD3AFA}.Release|Any CPU.ActiveCfg = Release|Any CPU
		{D6330B06-E2A3-484B-90A6-682345BD3AFA}.Release|Any CPU.Build.0 = Release|Any CPU
	EndGlobalSection
	GlobalSection(SolutionProperties) = preSolution
		HideSolutionNode = FALSE
	EndGlobalSection
EndGlobal
